// !$*UTF8*$!
{
	archiveVersion = 1;
	classes = {
	};
	objectVersion = 56;
	objects = {

/* Begin PBXBuildFile section */
		632A5A2129AD29CB00BC8226 /* UIViewController+Extension.swift in Sources */ = {isa = PBXBuildFile; fileRef = 632A5A2029AD29CB00BC8226 /* UIViewController+Extension.swift */; };
		632A5A2729AD312100BC8226 /* Register.swift in Sources */ = {isa = PBXBuildFile; fileRef = 632A5A2629AD312100BC8226 /* Register.swift */; };
		632A5A2C29AD32C000BC8226 /* RegisterViewController.swift in Sources */ = {isa = PBXBuildFile; fileRef = 632A5A2B29AD32C000BC8226 /* RegisterViewController.swift */; };
		632A5A2E29AD508700BC8226 /* SucessRegisteredViewController.swift in Sources */ = {isa = PBXBuildFile; fileRef = 632A5A2D29AD508700BC8226 /* SucessRegisteredViewController.swift */; };
		632A5A3029AD50EB00BC8226 /* SucessRegisteredAccount.swift in Sources */ = {isa = PBXBuildFile; fileRef = 632A5A2F29AD50EB00BC8226 /* SucessRegisteredAccount.swift */; };
		632A5A5B29AD929700BC8226 /* Purple Smile.ttf in Resources */ = {isa = PBXBuildFile; fileRef = 632A5A5929AD894A00BC8226 /* Purple Smile.ttf */; };
		635327C029A95B8000A804EE /* AppDelegate.swift in Sources */ = {isa = PBXBuildFile; fileRef = 635327BF29A95B8000A804EE /* AppDelegate.swift */; };
		635327C229A95B8000A804EE /* SceneDelegate.swift in Sources */ = {isa = PBXBuildFile; fileRef = 635327C129A95B8000A804EE /* SceneDelegate.swift */; };
		635327C429A95B8000A804EE /* LoginViewController.swift in Sources */ = {isa = PBXBuildFile; fileRef = 635327C329A95B8000A804EE /* LoginViewController.swift */; };
		635327C929A95B8200A804EE /* Assets.xcassets in Resources */ = {isa = PBXBuildFile; fileRef = 635327C829A95B8200A804EE /* Assets.xcassets */; };
		635327CC29A95B8200A804EE /* LaunchScreen.storyboard in Resources */ = {isa = PBXBuildFile; fileRef = 635327CA29A95B8200A804EE /* LaunchScreen.storyboard */; };
		635327D929A95EEE00A804EE /* LoginScreen.swift in Sources */ = {isa = PBXBuildFile; fileRef = 635327D829A95EEE00A804EE /* LoginScreen.swift */; };
		635FFE9B29B65B0100AEB58D /* Main.swift in Sources */ = {isa = PBXBuildFile; fileRef = 635FFE9A29B65B0100AEB58D /* Main.swift */; };
		635FFE9F29B66D1E00AEB58D /* MainViewController.swift in Sources */ = {isa = PBXBuildFile; fileRef = 635FFE9E29B66D1E00AEB58D /* MainViewController.swift */; };
		6379EDCE29AFDF1E00EA7347 /* GoogleService-Info.plist in Resources */ = {isa = PBXBuildFile; fileRef = 6379EDCD29AFDF1E00EA7347 /* GoogleService-Info.plist */; };
		638543E929B7B52300905F6C /* IngredientsTableViewCell.swift in Sources */ = {isa = PBXBuildFile; fileRef = 638543E829B7B52300905F6C /* IngredientsTableViewCell.swift */; };
		63FA374529B638F800995A0C /* Alert.swift in Sources */ = {isa = PBXBuildFile; fileRef = 63FA374429B638F800995A0C /* Alert.swift */; };
		B4BA468C50AADC2F0C9F993F /* Pods_SmartChet_Struct.framework in Frameworks */ = {isa = PBXBuildFile; fileRef = 3599ACDFF6858319C8828A1E /* Pods_SmartChet_Struct.framework */; };
/* End PBXBuildFile section */

/* Begin PBXFileReference section */
		3599ACDFF6858319C8828A1E /* Pods_SmartChet_Struct.framework */ = {isa = PBXFileReference; explicitFileType = wrapper.framework; includeInIndex = 0; path = Pods_SmartChet_Struct.framework; sourceTree = BUILT_PRODUCTS_DIR; };
		575873F96EF476E4405712D3 /* Pods-SmartChet-Struct.debug.xcconfig */ = {isa = PBXFileReference; includeInIndex = 1; lastKnownFileType = text.xcconfig; name = "Pods-SmartChet-Struct.debug.xcconfig"; path = "Target Support Files/Pods-SmartChet-Struct/Pods-SmartChet-Struct.debug.xcconfig"; sourceTree = "<group>"; };
		632A5A2029AD29CB00BC8226 /* UIViewController+Extension.swift */ = {isa = PBXFileReference; lastKnownFileType = sourcecode.swift; path = "UIViewController+Extension.swift"; sourceTree = "<group>"; };
		632A5A2629AD312100BC8226 /* Register.swift */ = {isa = PBXFileReference; lastKnownFileType = sourcecode.swift; path = Register.swift; sourceTree = "<group>"; };
		632A5A2B29AD32C000BC8226 /* RegisterViewController.swift */ = {isa = PBXFileReference; lastKnownFileType = sourcecode.swift; path = RegisterViewController.swift; sourceTree = "<group>"; };
		632A5A2D29AD508700BC8226 /* SucessRegisteredViewController.swift */ = {isa = PBXFileReference; lastKnownFileType = sourcecode.swift; path = SucessRegisteredViewController.swift; sourceTree = "<group>"; };
		632A5A2F29AD50EB00BC8226 /* SucessRegisteredAccount.swift */ = {isa = PBXFileReference; lastKnownFileType = sourcecode.swift; path = SucessRegisteredAccount.swift; sourceTree = "<group>"; };
		632A5A5929AD894A00BC8226 /* Purple Smile.ttf */ = {isa = PBXFileReference; lastKnownFileType = file; path = "Purple Smile.ttf"; sourceTree = "<group>"; };
		635327BC29A95B8000A804EE /* SmartChet-Struct.app */ = {isa = PBXFileReference; explicitFileType = wrapper.application; includeInIndex = 0; path = "SmartChet-Struct.app"; sourceTree = BUILT_PRODUCTS_DIR; };
		635327BF29A95B8000A804EE /* AppDelegate.swift */ = {isa = PBXFileReference; lastKnownFileType = sourcecode.swift; path = AppDelegate.swift; sourceTree = "<group>"; };
		635327C129A95B8000A804EE /* SceneDelegate.swift */ = {isa = PBXFileReference; lastKnownFileType = sourcecode.swift; path = SceneDelegate.swift; sourceTree = "<group>"; };
		635327C329A95B8000A804EE /* LoginViewController.swift */ = {isa = PBXFileReference; lastKnownFileType = sourcecode.swift; path = LoginViewController.swift; sourceTree = "<group>"; };
		635327C829A95B8200A804EE /* Assets.xcassets */ = {isa = PBXFileReference; lastKnownFileType = folder.assetcatalog; path = Assets.xcassets; sourceTree = "<group>"; };
		635327CB29A95B8200A804EE /* Base */ = {isa = PBXFileReference; lastKnownFileType = file.storyboard; name = Base; path = Base.lproj/LaunchScreen.storyboard; sourceTree = "<group>"; };
		635327CD29A95B8200A804EE /* Info.plist */ = {isa = PBXFileReference; lastKnownFileType = text.plist.xml; path = Info.plist; sourceTree = "<group>"; };
		635327D829A95EEE00A804EE /* LoginScreen.swift */ = {isa = PBXFileReference; lastKnownFileType = sourcecode.swift; path = LoginScreen.swift; sourceTree = "<group>"; };
		635FFE9A29B65B0100AEB58D /* Main.swift */ = {isa = PBXFileReference; lastKnownFileType = sourcecode.swift; path = Main.swift; sourceTree = "<group>"; };
		635FFE9E29B66D1E00AEB58D /* MainViewController.swift */ = {isa = PBXFileReference; lastKnownFileType = sourcecode.swift; path = MainViewController.swift; sourceTree = "<group>"; };
		6379EDCD29AFDF1E00EA7347 /* GoogleService-Info.plist */ = {isa = PBXFileReference; fileEncoding = 4; lastKnownFileType = text.plist.xml; path = "GoogleService-Info.plist"; sourceTree = "<group>"; };
		638543E829B7B52300905F6C /* IngredientsTableViewCell.swift */ = {isa = PBXFileReference; lastKnownFileType = sourcecode.swift; path = IngredientsTableViewCell.swift; sourceTree = "<group>"; };
		63FA374429B638F800995A0C /* Alert.swift */ = {isa = PBXFileReference; lastKnownFileType = sourcecode.swift; path = Alert.swift; sourceTree = "<group>"; };
		B71AA77346FC56D4D48DF858 /* Pods-SmartChet-Struct.release.xcconfig */ = {isa = PBXFileReference; includeInIndex = 1; lastKnownFileType = text.xcconfig; name = "Pods-SmartChet-Struct.release.xcconfig"; path = "Target Support Files/Pods-SmartChet-Struct/Pods-SmartChet-Struct.release.xcconfig"; sourceTree = "<group>"; };
/* End PBXFileReference section */

/* Begin PBXFrameworksBuildPhase section */
		635327B929A95B8000A804EE /* Frameworks */ = {
			isa = PBXFrameworksBuildPhase;
			buildActionMask = 2147483647;
			files = (
				B4BA468C50AADC2F0C9F993F /* Pods_SmartChet_Struct.framework in Frameworks */,
			);
			runOnlyForDeploymentPostprocessing = 0;
		};
/* End PBXFrameworksBuildPhase section */

/* Begin PBXGroup section */
		632A5A1E29AD299900BC8226 /* Utils */ = {
			isa = PBXGroup;
			children = (
				632A5A1F29AD29A700BC8226 /* Extensions */,
			);
			path = Utils;
			sourceTree = "<group>";
		};
		632A5A1F29AD29A700BC8226 /* Extensions */ = {
			isa = PBXGroup;
			children = (
				632A5A2029AD29CB00BC8226 /* UIViewController+Extension.swift */,
			);
			path = Extensions;
			sourceTree = "<group>";
		};
		632A5A2429AD2E1E00BC8226 /* RegisterAccount */ = {
			isa = PBXGroup;
			children = (
				632A5A2529AD300400BC8226 /* Screen */,
				632A5A2829AD312800BC8226 /* VC */,
			);
			path = RegisterAccount;
			sourceTree = "<group>";
		};
		632A5A2529AD300400BC8226 /* Screen */ = {
			isa = PBXGroup;
			children = (
				632A5A2629AD312100BC8226 /* Register.swift */,
			);
			path = Screen;
			sourceTree = "<group>";
		};
		632A5A2829AD312800BC8226 /* VC */ = {
			isa = PBXGroup;
			children = (
				632A5A2B29AD32C000BC8226 /* RegisterViewController.swift */,
			);
			path = VC;
			sourceTree = "<group>";
		};
		632A5A5329AD7CF800BC8226 /* SucessCreatedAccount */ = {
			isa = PBXGroup;
			children = (
				632A5A5429AD7D4500BC8226 /* Screen */,
				632A5A5529AD7D4D00BC8226 /* VC */,
			);
			path = SucessCreatedAccount;
			sourceTree = "<group>";
		};
		632A5A5429AD7D4500BC8226 /* Screen */ = {
			isa = PBXGroup;
			children = (
				632A5A2F29AD50EB00BC8226 /* SucessRegisteredAccount.swift */,
			);
			path = Screen;
			sourceTree = "<group>";
		};
		632A5A5529AD7D4D00BC8226 /* VC */ = {
			isa = PBXGroup;
			children = (
				632A5A2D29AD508700BC8226 /* SucessRegisteredViewController.swift */,
			);
			path = VC;
			sourceTree = "<group>";
		};
		635327B329A95B8000A804EE = {
			isa = PBXGroup;
			children = (
				632A5A5929AD894A00BC8226 /* Purple Smile.ttf */,
				635327BE29A95B8000A804EE /* SmartChet-Struct */,
				635327BD29A95B8000A804EE /* Products */,
				FFC0B77BF76200767C001734 /* Pods */,
				860D3CE50F11A340D45DB760 /* Frameworks */,
			);
			sourceTree = "<group>";
		};
		635327BD29A95B8000A804EE /* Products */ = {
			isa = PBXGroup;
			children = (
				635327BC29A95B8000A804EE /* SmartChet-Struct.app */,
			);
			name = Products;
			sourceTree = "<group>";
		};
		635327BE29A95B8000A804EE /* SmartChet-Struct */ = {
			isa = PBXGroup;
			children = (
				63FA374329B638DF00995A0C /* Alert */,
				63B555B129AEE37600DAABFE /* MainScreen */,
				635327D329A95BC900A804EE /* Login */,
				632A5A2429AD2E1E00BC8226 /* RegisterAccount */,
				632A5A5329AD7CF800BC8226 /* SucessCreatedAccount */,
				635327BF29A95B8000A804EE /* AppDelegate.swift */,
				635327C129A95B8000A804EE /* SceneDelegate.swift */,
				635327C829A95B8200A804EE /* Assets.xcassets */,
				635327CA29A95B8200A804EE /* LaunchScreen.storyboard */,
				635327CD29A95B8200A804EE /* Info.plist */,
				6379EDCD29AFDF1E00EA7347 /* GoogleService-Info.plist */,
			);
			path = "SmartChet-Struct";
			sourceTree = "<group>";
		};
		635327D329A95BC900A804EE /* Login */ = {
			isa = PBXGroup;
			children = (
				632A5A1E29AD299900BC8226 /* Utils */,
				635327D729A95DE700A804EE /* Screen */,
				635327D629A95DD400A804EE /* VC */,
			);
			path = Login;
			sourceTree = "<group>";
		};
		635327D629A95DD400A804EE /* VC */ = {
			isa = PBXGroup;
			children = (
				635327C329A95B8000A804EE /* LoginViewController.swift */,
			);
			path = VC;
			sourceTree = "<group>";
		};
		635327D729A95DE700A804EE /* Screen */ = {
			isa = PBXGroup;
			children = (
				635327D829A95EEE00A804EE /* LoginScreen.swift */,
			);
			path = Screen;
			sourceTree = "<group>";
		};
		638543E729B7B4FD00905F6C /* Cell */ = {
			isa = PBXGroup;
			children = (
				638543E829B7B52300905F6C /* IngredientsTableViewCell.swift */,
			);
			path = Cell;
			sourceTree = "<group>";
		};
		63B555B129AEE37600DAABFE /* MainScreen */ = {
			isa = PBXGroup;
			children = (
				638543E729B7B4FD00905F6C /* Cell */,
				63B555B329AEE39500DAABFE /* VC */,
				63B555B229AEE37F00DAABFE /* Screen */,
			);
			path = MainScreen;
			sourceTree = "<group>";
		};
		63B555B229AEE37F00DAABFE /* Screen */ = {
			isa = PBXGroup;
			children = (
				635FFE9A29B65B0100AEB58D /* Main.swift */,
			);
			path = Screen;
			sourceTree = "<group>";
		};
		63B555B329AEE39500DAABFE /* VC */ = {
			isa = PBXGroup;
			children = (
				635FFE9E29B66D1E00AEB58D /* MainViewController.swift */,
			);
			path = VC;
			sourceTree = "<group>";
		};
		63FA374329B638DF00995A0C /* Alert */ = {
			isa = PBXGroup;
			children = (
				63FA374429B638F800995A0C /* Alert.swift */,
			);
			path = Alert;
			sourceTree = "<group>";
		};
		860D3CE50F11A340D45DB760 /* Frameworks */ = {
			isa = PBXGroup;
			children = (
				3599ACDFF6858319C8828A1E /* Pods_SmartChet_Struct.framework */,
			);
			name = Frameworks;
			sourceTree = "<group>";
		};
		FFC0B77BF76200767C001734 /* Pods */ = {
			isa = PBXGroup;
			children = (
				575873F96EF476E4405712D3 /* Pods-SmartChet-Struct.debug.xcconfig */,
				B71AA77346FC56D4D48DF858 /* Pods-SmartChet-Struct.release.xcconfig */,
			);
			path = Pods;
			sourceTree = "<group>";
		};
/* End PBXGroup section */

/* Begin PBXNativeTarget section */
		635327BB29A95B8000A804EE /* SmartChet-Struct */ = {
			isa = PBXNativeTarget;
			buildConfigurationList = 635327D029A95B8200A804EE /* Build configuration list for PBXNativeTarget "SmartChet-Struct" */;
			buildPhases = (
				315E1C418B492ADCF512471E /* [CP] Check Pods Manifest.lock */,
				635327B829A95B8000A804EE /* Sources */,
				635327B929A95B8000A804EE /* Frameworks */,
				635327BA29A95B8000A804EE /* Resources */,
				2BAC65EB9A80D349CEF3E472 /* [CP] Embed Pods Frameworks */,
			);
			buildRules = (
			);
			dependencies = (
			);
			name = "SmartChet-Struct";
			productName = "SmartChet-Struct";
			productReference = 635327BC29A95B8000A804EE /* SmartChet-Struct.app */;
			productType = "com.apple.product-type.application";
		};
/* End PBXNativeTarget section */

/* Begin PBXProject section */
		635327B429A95B8000A804EE /* Project object */ = {
			isa = PBXProject;
			attributes = {
				BuildIndependentTargetsInParallel = 1;
				LastSwiftUpdateCheck = 1420;
				LastUpgradeCheck = 1420;
				TargetAttributes = {
					635327BB29A95B8000A804EE = {
						CreatedOnToolsVersion = 14.2;
					};
				};
			};
			buildConfigurationList = 635327B729A95B8000A804EE /* Build configuration list for PBXProject "SmartChet-Struct" */;
			compatibilityVersion = "Xcode 14.0";
			developmentRegion = en;
			hasScannedForEncodings = 0;
			knownRegions = (
				en,
				Base,
			);
			mainGroup = 635327B329A95B8000A804EE;
			productRefGroup = 635327BD29A95B8000A804EE /* Products */;
			projectDirPath = "";
			projectRoot = "";
			targets = (
				635327BB29A95B8000A804EE /* SmartChet-Struct */,
			);
		};
/* End PBXProject section */

/* Begin PBXResourcesBuildPhase section */
		635327BA29A95B8000A804EE /* Resources */ = {
			isa = PBXResourcesBuildPhase;
			buildActionMask = 2147483647;
			files = (
				635327CC29A95B8200A804EE /* LaunchScreen.storyboard in Resources */,
				6379EDCE29AFDF1E00EA7347 /* GoogleService-Info.plist in Resources */,
				632A5A5B29AD929700BC8226 /* Purple Smile.ttf in Resources */,
				635327C929A95B8200A804EE /* Assets.xcassets in Resources */,
			);
			runOnlyForDeploymentPostprocessing = 0;
		};
/* End PBXResourcesBuildPhase section */

/* Begin PBXShellScriptBuildPhase section */
		2BAC65EB9A80D349CEF3E472 /* [CP] Embed Pods Frameworks */ = {
			isa = PBXShellScriptBuildPhase;
			buildActionMask = 2147483647;
			files = (
			);
			inputFileListPaths = (
				"${PODS_ROOT}/Target Support Files/Pods-SmartChet-Struct/Pods-SmartChet-Struct-frameworks-${CONFIGURATION}-input-files.xcfilelist",
			);
			name = "[CP] Embed Pods Frameworks";
			outputFileListPaths = (
				"${PODS_ROOT}/Target Support Files/Pods-SmartChet-Struct/Pods-SmartChet-Struct-frameworks-${CONFIGURATION}-output-files.xcfilelist",
			);
			runOnlyForDeploymentPostprocessing = 0;
			shellPath = /bin/sh;
			shellScript = "\"${PODS_ROOT}/Target Support Files/Pods-SmartChet-Struct/Pods-SmartChet-Struct-frameworks.sh\"\n";
			showEnvVarsInLog = 0;
		};
		315E1C418B492ADCF512471E /* [CP] Check Pods Manifest.lock */ = {
			isa = PBXShellScriptBuildPhase;
			buildActionMask = 2147483647;
			files = (
			);
			inputFileListPaths = (
			);
			inputPaths = (
				"${PODS_PODFILE_DIR_PATH}/Podfile.lock",
				"${PODS_ROOT}/Manifest.lock",
			);
			name = "[CP] Check Pods Manifest.lock";
			outputFileListPaths = (
			);
			outputPaths = (
				"$(DERIVED_FILE_DIR)/Pods-SmartChet-Struct-checkManifestLockResult.txt",
			);
			runOnlyForDeploymentPostprocessing = 0;
			shellPath = /bin/sh;
			shellScript = "diff \"${PODS_PODFILE_DIR_PATH}/Podfile.lock\" \"${PODS_ROOT}/Manifest.lock\" > /dev/null\nif [ $? != 0 ] ; then\n    # print error to STDERR\n    echo \"error: The sandbox is not in sync with the Podfile.lock. Run 'pod install' or update your CocoaPods installation.\" >&2\n    exit 1\nfi\n# This output is used by Xcode 'outputs' to avoid re-running this script phase.\necho \"SUCCESS\" > \"${SCRIPT_OUTPUT_FILE_0}\"\n";
			showEnvVarsInLog = 0;
		};
/* End PBXShellScriptBuildPhase section */

/* Begin PBXSourcesBuildPhase section */
		635327B829A95B8000A804EE /* Sources */ = {
			isa = PBXSourcesBuildPhase;
			buildActionMask = 2147483647;
			files = (
				632A5A2129AD29CB00BC8226 /* UIViewController+Extension.swift in Sources */,
				635327C429A95B8000A804EE /* LoginViewController.swift in Sources */,
				635FFE9B29B65B0100AEB58D /* Main.swift in Sources */,
				635FFE9F29B66D1E00AEB58D /* MainViewController.swift in Sources */,
				632A5A2E29AD508700BC8226 /* SucessRegisteredViewController.swift in Sources */,
				632A5A2C29AD32C000BC8226 /* RegisterViewController.swift in Sources */,
				635327C029A95B8000A804EE /* AppDelegate.swift in Sources */,
				638543E929B7B52300905F6C /* IngredientsTableViewCell.swift in Sources */,
				632A5A2729AD312100BC8226 /* Register.swift in Sources */,
				635327C229A95B8000A804EE /* SceneDelegate.swift in Sources */,
				632A5A3029AD50EB00BC8226 /* SucessRegisteredAccount.swift in Sources */,
				63FA374529B638F800995A0C /* Alert.swift in Sources */,
				635327D929A95EEE00A804EE /* LoginScreen.swift in Sources */,
			);
			runOnlyForDeploymentPostprocessing = 0;
		};
/* End PBXSourcesBuildPhase section */

/* Begin PBXVariantGroup section */
		635327CA29A95B8200A804EE /* LaunchScreen.storyboard */ = {
			isa = PBXVariantGroup;
			children = (
				635327CB29A95B8200A804EE /* Base */,
			);
			name = LaunchScreen.storyboard;
			sourceTree = "<group>";
		};
/* End PBXVariantGroup section */

/* Begin XCBuildConfiguration section */
		635327CE29A95B8200A804EE /* Debug */ = {
			isa = XCBuildConfiguration;
			buildSettings = {
				ALWAYS_SEARCH_USER_PATHS = NO;
				CLANG_ANALYZER_NONNULL = YES;
				CLANG_ANALYZER_NUMBER_OBJECT_CONVERSION = YES_AGGRESSIVE;
				CLANG_CXX_LANGUAGE_STANDARD = "gnu++20";
				CLANG_ENABLE_MODULES = YES;
				CLANG_ENABLE_OBJC_ARC = YES;
				CLANG_ENABLE_OBJC_WEAK = YES;
				CLANG_WARN_BLOCK_CAPTURE_AUTORELEASING = YES;
				CLANG_WARN_BOOL_CONVERSION = YES;
				CLANG_WARN_COMMA = YES;
				CLANG_WARN_CONSTANT_CONVERSION = YES;
				CLANG_WARN_DEPRECATED_OBJC_IMPLEMENTATIONS = YES;
				CLANG_WARN_DIRECT_OBJC_ISA_USAGE = YES_ERROR;
				CLANG_WARN_DOCUMENTATION_COMMENTS = YES;
				CLANG_WARN_EMPTY_BODY = YES;
				CLANG_WARN_ENUM_CONVERSION = YES;
				CLANG_WARN_INFINITE_RECURSION = YES;
				CLANG_WARN_INT_CONVERSION = YES;
				CLANG_WARN_NON_LITERAL_NULL_CONVERSION = YES;
				CLANG_WARN_OBJC_IMPLICIT_RETAIN_SELF = YES;
				CLANG_WARN_OBJC_LITERAL_CONVERSION = YES;
				CLANG_WARN_OBJC_ROOT_CLASS = YES_ERROR;
				CLANG_WARN_QUOTED_INCLUDE_IN_FRAMEWORK_HEADER = YES;
				CLANG_WARN_RANGE_LOOP_ANALYSIS = YES;
				CLANG_WARN_STRICT_PROTOTYPES = YES;
				CLANG_WARN_SUSPICIOUS_MOVE = YES;
				CLANG_WARN_UNGUARDED_AVAILABILITY = YES_AGGRESSIVE;
				CLANG_WARN_UNREACHABLE_CODE = YES;
				CLANG_WARN__DUPLICATE_METHOD_MATCH = YES;
				COPY_PHASE_STRIP = NO;
				DEBUG_INFORMATION_FORMAT = dwarf;
				ENABLE_STRICT_OBJC_MSGSEND = YES;
				ENABLE_TESTABILITY = YES;
				GCC_C_LANGUAGE_STANDARD = gnu11;
				GCC_DYNAMIC_NO_PIC = NO;
				GCC_NO_COMMON_BLOCKS = YES;
				GCC_OPTIMIZATION_LEVEL = 0;
				GCC_PREPROCESSOR_DEFINITIONS = (
					"DEBUG=1",
					"$(inherited)",
				);
				GCC_WARN_64_TO_32_BIT_CONVERSION = YES;
				GCC_WARN_ABOUT_RETURN_TYPE = YES_ERROR;
				GCC_WARN_UNDECLARED_SELECTOR = YES;
				GCC_WARN_UNINITIALIZED_AUTOS = YES_AGGRESSIVE;
				GCC_WARN_UNUSED_FUNCTION = YES;
				GCC_WARN_UNUSED_VARIABLE = YES;
				IPHONEOS_DEPLOYMENT_TARGET = 16.2;
				MTL_ENABLE_DEBUG_INFO = INCLUDE_SOURCE;
				MTL_FAST_MATH = YES;
				ONLY_ACTIVE_ARCH = YES;
				SDKROOT = iphoneos;
				SWIFT_ACTIVE_COMPILATION_CONDITIONS = DEBUG;
				SWIFT_OPTIMIZATION_LEVEL = "-Onone";
			};
			name = Debug;
		};
		635327CF29A95B8200A804EE /* Release */ = {
			isa = XCBuildConfiguration;
			buildSettings = {
				ALWAYS_SEARCH_USER_PATHS = NO;
				CLANG_ANALYZER_NONNULL = YES;
				CLANG_ANALYZER_NUMBER_OBJECT_CONVERSION = YES_AGGRESSIVE;
				CLANG_CXX_LANGUAGE_STANDARD = "gnu++20";
				CLANG_ENABLE_MODULES = YES;
				CLANG_ENABLE_OBJC_ARC = YES;
				CLANG_ENABLE_OBJC_WEAK = YES;
				CLANG_WARN_BLOCK_CAPTURE_AUTORELEASING = YES;
				CLANG_WARN_BOOL_CONVERSION = YES;
				CLANG_WARN_COMMA = YES;
				CLANG_WARN_CONSTANT_CONVERSION = YES;
				CLANG_WARN_DEPRECATED_OBJC_IMPLEMENTATIONS = YES;
				CLANG_WARN_DIRECT_OBJC_ISA_USAGE = YES_ERROR;
				CLANG_WARN_DOCUMENTATION_COMMENTS = YES;
				CLANG_WARN_EMPTY_BODY = YES;
				CLANG_WARN_ENUM_CONVERSION = YES;
				CLANG_WARN_INFINITE_RECURSION = YES;
				CLANG_WARN_INT_CONVERSION = YES;
				CLANG_WARN_NON_LITERAL_NULL_CONVERSION = YES;
				CLANG_WARN_OBJC_IMPLICIT_RETAIN_SELF = YES;
				CLANG_WARN_OBJC_LITERAL_CONVERSION = YES;
				CLANG_WARN_OBJC_ROOT_CLASS = YES_ERROR;
				CLANG_WARN_QUOTED_INCLUDE_IN_FRAMEWORK_HEADER = YES;
				CLANG_WARN_RANGE_LOOP_ANALYSIS = YES;
				CLANG_WARN_STRICT_PROTOTYPES = YES;
				CLANG_WARN_SUSPICIOUS_MOVE = YES;
				CLANG_WARN_UNGUARDED_AVAILABILITY = YES_AGGRESSIVE;
				CLANG_WARN_UNREACHABLE_CODE = YES;
				CLANG_WARN__DUPLICATE_METHOD_MATCH = YES;
				COPY_PHASE_STRIP = NO;
				DEBUG_INFORMATION_FORMAT = "dwarf-with-dsym";
				ENABLE_NS_ASSERTIONS = NO;
				ENABLE_STRICT_OBJC_MSGSEND = YES;
				GCC_C_LANGUAGE_STANDARD = gnu11;
				GCC_NO_COMMON_BLOCKS = YES;
				GCC_WARN_64_TO_32_BIT_CONVERSION = YES;
				GCC_WARN_ABOUT_RETURN_TYPE = YES_ERROR;
				GCC_WARN_UNDECLARED_SELECTOR = YES;
				GCC_WARN_UNINITIALIZED_AUTOS = YES_AGGRESSIVE;
				GCC_WARN_UNUSED_FUNCTION = YES;
				GCC_WARN_UNUSED_VARIABLE = YES;
				IPHONEOS_DEPLOYMENT_TARGET = 16.2;
				MTL_ENABLE_DEBUG_INFO = NO;
				MTL_FAST_MATH = YES;
				SDKROOT = iphoneos;
				SWIFT_COMPILATION_MODE = wholemodule;
				SWIFT_OPTIMIZATION_LEVEL = "-O";
				VALIDATE_PRODUCT = YES;
			};
			name = Release;
		};
		635327D129A95B8200A804EE /* Debug */ = {
			isa = XCBuildConfiguration;
			baseConfigurationReference = 575873F96EF476E4405712D3 /* Pods-SmartChet-Struct.debug.xcconfig */;
			buildSettings = {
				ASSETCATALOG_COMPILER_APPICON_NAME = AppIcon;
				ASSETCATALOG_COMPILER_GLOBAL_ACCENT_COLOR_NAME = AccentColor;
				CODE_SIGN_STYLE = Automatic;
				CURRENT_PROJECT_VERSION = 1;
				DEVELOPMENT_TEAM = 4G729SMP5Y;
				GENERATE_INFOPLIST_FILE = YES;
				INFOPLIST_FILE = "SmartChet-Struct/Info.plist";
				INFOPLIST_KEY_LSApplicationCategoryType = "public.app-category.food-and-drink";
				INFOPLIST_KEY_UIApplicationSupportsIndirectInputEvents = YES;
				INFOPLIST_KEY_UILaunchStoryboardName = LaunchScreen;
				INFOPLIST_KEY_UIStatusBarStyle = UIStatusBarStyleLightContent;
				INFOPLIST_KEY_UISupportedInterfaceOrientations = UIInterfaceOrientationPortrait;
				INFOPLIST_KEY_UISupportedInterfaceOrientations_iPad = "UIInterfaceOrientationLandscapeRight UIInterfaceOrientationPortrait";
				IPHONEOS_DEPLOYMENT_TARGET = 15.0;
				LD_RUNPATH_SEARCH_PATHS = (
					"$(inherited)",
					"@executable_path/Frameworks",
				);
				MARKETING_VERSION = 1.0;
				PRODUCT_BUNDLE_IDENTIFIER = "KevinLongue.SmartChet-Struct";
				PRODUCT_NAME = "$(TARGET_NAME)";
				SWIFT_EMIT_LOC_STRINGS = YES;
				SWIFT_VERSION = 5.0;
				TARGETED_DEVICE_FAMILY = "1,2";
			};
			name = Debug;
		};
		635327D229A95B8200A804EE /* Release */ = {
			isa = XCBuildConfiguration;
			baseConfigurationReference = B71AA77346FC56D4D48DF858 /* Pods-SmartChet-Struct.release.xcconfig */;
			buildSettings = {
				ASSETCATALOG_COMPILER_APPICON_NAME = AppIcon;
				ASSETCATALOG_COMPILER_GLOBAL_ACCENT_COLOR_NAME = AccentColor;
				CODE_SIGN_STYLE = Automatic;
				CURRENT_PROJECT_VERSION = 1;
				DEVELOPMENT_TEAM = 4G729SMP5Y;
				GENERATE_INFOPLIST_FILE = YES;
				INFOPLIST_FILE = "SmartChet-Struct/Info.plist";
				INFOPLIST_KEY_LSApplicationCategoryType = "public.app-category.food-and-drink";
				INFOPLIST_KEY_UIApplicationSupportsIndirectInputEvents = YES;
				INFOPLIST_KEY_UILaunchStoryboardName = LaunchScreen;
				INFOPLIST_KEY_UIStatusBarStyle = UIStatusBarStyleLightContent;
				INFOPLIST_KEY_UISupportedInterfaceOrientations = UIInterfaceOrientationPortrait;
				INFOPLIST_KEY_UISupportedInterfaceOrientations_iPad = "UIInterfaceOrientationLandscapeRight UIInterfaceOrientationPortrait";
				IPHONEOS_DEPLOYMENT_TARGET = 15.0;
				LD_RUNPATH_SEARCH_PATHS = (
					"$(inherited)",
					"@executable_path/Frameworks",
				);
				MARKETING_VERSION = 1.0;
				PRODUCT_BUNDLE_IDENTIFIER = "KevinLongue.SmartChet-Struct";
				PRODUCT_NAME = "$(TARGET_NAME)";
				SWIFT_EMIT_LOC_STRINGS = YES;
				SWIFT_VERSION = 5.0;
				TARGETED_DEVICE_FAMILY = "1,2";
			};
			name = Release;
		};
/* End XCBuildConfiguration section */

/* Begin XCConfigurationList section */
		635327B729A95B8000A804EE /* Build configuration list for PBXProject "SmartChet-Struct" */ = {
			isa = XCConfigurationList;
			buildConfigurations = (
				635327CE29A95B8200A804EE /* Debug */,
				635327CF29A95B8200A804EE /* Release */,
			);
			defaultConfigurationIsVisible = 0;
			defaultConfigurationName = Release;
		};
		635327D029A95B8200A804EE /* Build configuration list for PBXNativeTarget "SmartChet-Struct" */ = {
			isa = XCConfigurationList;
			buildConfigurations = (
				635327D129A95B8200A804EE /* Debug */,
				635327D229A95B8200A804EE /* Release */,
			);
			defaultConfigurationIsVisible = 0;
			defaultConfigurationName = Release;
		};
/* End XCConfigurationList section */
	};
	rootObject = 635327B429A95B8000A804EE /* Project object */;
}
